
Microsoft Visual Studio Solution File, Format Version 12.00
# Visual Studio Version 17
VisualStudioVersion = 17.4.33110.190
MinimumVisualStudioVersion = 10.0.40219.1
Project("{FAE04EC0-301F-11D3-BF4B-00C04F79EFBC}") = "DevCameraMod", "DevCameraMod\DevCameraMod.csproj", "{AE6144F4-0132-4FA3-B184-4E91EB3FCF42}"
EndProject
Global
	GlobalSection(SolutionConfigurationPlatforms) = preSolution
		Debug|Any CPU = Debug|Any CPU
		Release|Any CPU = Release|Any CPU
	EndGlobalSection
	GlobalSection(ProjectConfigurationPlatforms) = postSolution
		{AE6144F4-0132-4FA3-B184-4E91EB3FCF42}.Debug|Any CPU.ActiveCfg = Debug|Any CPU
		{AE6144F4-0132-4FA3-B184-4E91EB3FCF42}.Debug|Any CPU.Build.0 = Debug|Any CPU
		{AE6144F4-0132-4FA3-B184-4E91EB3FCF42}.Release|Any CPU.ActiveCfg = Release|Any CPU
		{AE6144F4-0132-4FA3-B184-4E91EB3FCF42}.Release|Any CPU.Build.0 = Release|Any CPU
	EndGlobalSection
	GlobalSection(SolutionProperties) = preSolution
		HideSolutionNode = FALSE
	EndGlobalSection
	GlobalSection(ExtensibilityGlobals) = postSolution
		SolutionGuid = {536962D8-3B71-4BD8-8C7A-D47313172CBF}
	EndGlobalSection
EndGlobal
